
Microsoft Visual Studio Solution File, Format Version 12.00
# Visual Studio 15
VisualStudioVersion = 15.0.28307.271
MinimumVisualStudioVersion = 10.0.40219.1
Project("{FAE04EC0-301F-11D3-BF4B-00C04F79EFBC}") = "ProjetDevMobile", "ProjetDevMobile\ProjetDevMobile\ProjetDevMobile.csproj", "{604FF3EE-C396-447F-979C-2FAAE427475A}"
EndProject
Project("{FAE04EC0-301F-11D3-BF4B-00C04F79EFBC}") = "ProjetDevMobile.Android", "ProjetDevMobile\ProjetDevMobile.Android\ProjetDevMobile.Android.csproj", "{837DED1A-7769-4B06-ABD0-DC867D3539B9}"
EndProject
Global
	GlobalSection(SolutionConfigurationPlatforms) = preSolution
		Debug|Any CPU = Debug|Any CPU
		Release|Any CPU = Release|Any CPU
	EndGlobalSection
	GlobalSection(ProjectConfigurationPlatforms) = postSolution
		{604FF3EE-C396-447F-979C-2FAAE427475A}.Debug|Any CPU.ActiveCfg = Debug|Any CPU
		{604FF3EE-C396-447F-979C-2FAAE427475A}.Debug|Any CPU.Build.0 = Debug|Any CPU
		{604FF3EE-C396-447F-979C-2FAAE427475A}.Release|Any CPU.ActiveCfg = Release|Any CPU
		{604FF3EE-C396-447F-979C-2FAAE427475A}.Release|Any CPU.Build.0 = Release|Any CPU
		{837DED1A-7769-4B06-ABD0-DC867D3539B9}.Debug|Any CPU.ActiveCfg = Debug|Any CPU
		{837DED1A-7769-4B06-ABD0-DC867D3539B9}.Debug|Any CPU.Build.0 = Debug|Any CPU
		{837DED1A-7769-4B06-ABD0-DC867D3539B9}.Debug|Any CPU.Deploy.0 = Debug|Any CPU
		{837DED1A-7769-4B06-ABD0-DC867D3539B9}.Release|Any CPU.ActiveCfg = Release|Any CPU
		{837DED1A-7769-4B06-ABD0-DC867D3539B9}.Release|Any CPU.Build.0 = Release|Any CPU
		{837DED1A-7769-4B06-ABD0-DC867D3539B9}.Release|Any CPU.Deploy.0 = Release|Any CPU
	EndGlobalSection
	GlobalSection(SolutionProperties) = preSolution
		HideSolutionNode = FALSE
	EndGlobalSection
	GlobalSection(ExtensibilityGlobals) = postSolution
		SolutionGuid = {AF1FBC62-6FA0-4EF0-B09C-1296723343BF}
	EndGlobalSection
EndGlobal
